<?xml version="1.0" encoding="UTF-8" standalone="yes" ?>
<CodeBlocks_project_file>
	<FileVersion major="1" minor="6" />
	<Project>
		<Option title="waves (macos)" />
		<Option pch_mode="2" />
		<Option compiler="gcc" />
		<Option virtualFolders="src/;src/core/;src/core/ogl_load/;" />
		<Build>
			<Target title="Release">
				<Option output="../waves.app/Contents/MacOS/waves" prefix_auto="1" extension_auto="1" />
				<Option object_output=".obj/" />
				<Option type="0" />
				<Option compiler="gcc" />
				<Compiler>
					<Add option="-O2" />
				</Compiler>
				<Linker>
					<Add option="-s" />
				</Linker>
			</Target>
			<Target title="Debug">
				<Option output="../waves.app/Contents/MacOS/waves" prefix_auto="1" extension_auto="1" />
				<Option object_output=".obj/" />
				<Option type="1" />
				<Option compiler="gcc" />
				<Compiler>
					<Add option="-g" />
				</Compiler>
			</Target>
		</Build>
		<Compiler>
			<Add option="-Wall" />
			<Add option="-mstackrealign" />
			<Add option="-fno-stack-protector" />
			<Add option="-fvisibility=hidden" />
		</Compiler>
		<Linker>
			<Add option="-framework OpenGL" />
			<Add option="-framework AppKit" />
			<Add option="-fvisibility=hidden" />
		</Linker>
		<Unit filename="../core/core.c">
			<Option compilerVar="CC" />
			<Option virtualFolder="src/core/" />
		</Unit>
		<Unit filename="../core/core.h">
			<Option virtualFolder="src/core/" />
		</Unit>
		<Unit filename="../core/ogl_load/ogl_load.h">
			<Option virtualFolder="src/core/ogl_load/" />
		</Unit>
		<Unit filename="../core/vec_math.h">
			<Option virtualFolder="src/core/" />
		</Unit>
		<Unit filename="main.c">
			<Option compilerVar="CC" />
			<Option virtualFolder="src/" />
		</Unit>
		<Extensions>
			<code_completion />
			<envvars />
			<lib_finder disable_auto="1" />
			<debugger />
		</Extensions>
	</Project>
</CodeBlocks_project_file>
